
Microsoft Visual Studio Solution File, Format Version 12.00
# Visual Studio 15
VisualStudioVersion = 15.0.28307.1738
MinimumVisualStudioVersion = 10.0.40219.1
Project("{FAE04EC0-301F-11D3-BF4B-00C04F79EFBC}") = "TestYesBank", "TestYesBank\TestYesBank.csproj", "{6FC20DD8-D139-46EA-B09F-5011792437F9}"
EndProject
Global
	GlobalSection(SolutionConfigurationPlatforms) = preSolution
		Debug|Any CPU = Debug|Any CPU
		Release|Any CPU = Release|Any CPU
	EndGlobalSection
	GlobalSection(ProjectConfigurationPlatforms) = postSolution
		{6FC20DD8-D139-46EA-B09F-5011792437F9}.Debug|Any CPU.ActiveCfg = Debug|Any CPU
		{6FC20DD8-D139-46EA-B09F-5011792437F9}.Debug|Any CPU.Build.0 = Debug|Any CPU
		{6FC20DD8-D139-46EA-B09F-5011792437F9}.Release|Any CPU.ActiveCfg = Release|Any CPU
		{6FC20DD8-D139-46EA-B09F-5011792437F9}.Release|Any CPU.Build.0 = Release|Any CPU
	EndGlobalSection
	GlobalSection(SolutionProperties) = preSolution
		HideSolutionNode = FALSE
	EndGlobalSection
	GlobalSection(ExtensibilityGlobals) = postSolution
		SolutionGuid = {7BA8E3AA-E4BF-4534-BB0B-E9326396BC7C}
	EndGlobalSection
EndGlobal
